
Microsoft Visual Studio Solution File, Format Version 12.00
# Visual Studio Version 16
VisualStudioVersion = 16.0.30523.141
MinimumVisualStudioVersion = 10.0.40219.1
Project("{00D1A9C2-B5F0-4AF3-8072-F6C62B433612}") = "GoranDinerDB01", "GoranDinerDB01\GoranDinerDB01.sqlproj", "{CDFD7F17-4943-41C7-8BB5-538A571B5E03}"
EndProject
Project("{FAE04EC0-301F-11D3-BF4B-00C04F79EFBC}") = "DataLibrary", "DataLibrary\DataLibrary.csproj", "{1C35B21E-36F2-4AA0-A4AD-50E5F2E84EE8}"
EndProject
Global
	GlobalSection(SolutionConfigurationPlatforms) = preSolution
		Debug|Any CPU = Debug|Any CPU
		Release|Any CPU = Release|Any CPU
	EndGlobalSection
	GlobalSection(ProjectConfigurationPlatforms) = postSolution
		{CDFD7F17-4943-41C7-8BB5-538A571B5E03}.Debug|Any CPU.ActiveCfg = Debug|Any CPU
		{CDFD7F17-4943-41C7-8BB5-538A571B5E03}.Debug|Any CPU.Build.0 = Debug|Any CPU
		{CDFD7F17-4943-41C7-8BB5-538A571B5E03}.Debug|Any CPU.Deploy.0 = Debug|Any CPU
		{CDFD7F17-4943-41C7-8BB5-538A571B5E03}.Release|Any CPU.ActiveCfg = Release|Any CPU
		{CDFD7F17-4943-41C7-8BB5-538A571B5E03}.Release|Any CPU.Build.0 = Release|Any CPU
		{CDFD7F17-4943-41C7-8BB5-538A571B5E03}.Release|Any CPU.Deploy.0 = Release|Any CPU
		{1C35B21E-36F2-4AA0-A4AD-50E5F2E84EE8}.Debug|Any CPU.ActiveCfg = Debug|Any CPU
		{1C35B21E-36F2-4AA0-A4AD-50E5F2E84EE8}.Debug|Any CPU.Build.0 = Debug|Any CPU
		{1C35B21E-36F2-4AA0-A4AD-50E5F2E84EE8}.Release|Any CPU.ActiveCfg = Release|Any CPU
		{1C35B21E-36F2-4AA0-A4AD-50E5F2E84EE8}.Release|Any CPU.Build.0 = Release|Any CPU
	EndGlobalSection
	GlobalSection(SolutionProperties) = preSolution
		HideSolutionNode = FALSE
	EndGlobalSection
	GlobalSection(ExtensibilityGlobals) = postSolution
		SolutionGuid = {930BA6CD-5C0C-40C0-9E59-9FF55A00C68D}
	EndGlobalSection
EndGlobal
